
Microsoft Visual Studio Solution File, Format Version 12.00
# Visual Studio Version 17
VisualStudioVersion = 17.8.34330.188
MinimumVisualStudioVersion = 10.0.40219.1
Project("{FAE04EC0-301F-11D3-BF4B-00C04F79EFBC}") = "BookStore.Api", "BookStore.Api\BookStore.Api.csproj", "{2D1B083F-D570-4725-87C8-F8A278D6AF24}"
EndProject
Global
	GlobalSection(SolutionConfigurationPlatforms) = preSolution
		Debug|Any CPU = Debug|Any CPU
		Release|Any CPU = Release|Any CPU
	EndGlobalSection
	GlobalSection(ProjectConfigurationPlatforms) = postSolution
		{2D1B083F-D570-4725-87C8-F8A278D6AF24}.Debug|Any CPU.ActiveCfg = Debug|Any CPU
		{2D1B083F-D570-4725-87C8-F8A278D6AF24}.Debug|Any CPU.Build.0 = Debug|Any CPU
		{2D1B083F-D570-4725-87C8-F8A278D6AF24}.Release|Any CPU.ActiveCfg = Release|Any CPU
		{2D1B083F-D570-4725-87C8-F8A278D6AF24}.Release|Any CPU.Build.0 = Release|Any CPU
	EndGlobalSection
	GlobalSection(SolutionProperties) = preSolution
		HideSolutionNode = FALSE
	EndGlobalSection
	GlobalSection(ExtensibilityGlobals) = postSolution
		SolutionGuid = {4ABA5810-DCAE-4A9E-96E2-BE72DDCA2640}
	EndGlobalSection
EndGlobal
