
Microsoft Visual Studio Solution File, Format Version 12.00
# Visual Studio Version 17
VisualStudioVersion = 17.8.34330.188
MinimumVisualStudioVersion = 10.0.40219.1
Project("{FAE04EC0-301F-11D3-BF4B-00C04F79EFBC}") = "BookStore.Api", "BookStore.Api\BookStore.Api.csproj", "{2D1B083F-D570-4725-87C8-F8A278D6AF24}"
EndProject
Project("{FAE04EC0-301F-11D3-BF4B-00C04F79EFBC}") = "BookStore.Events", "BookStore.Events\BookStore.Events.csproj", "{9FBC341B-CCD8-432F-8118-AA71D7C4E7A3}"
EndProject
Project("{FAE04EC0-301F-11D3-BF4B-00C04F79EFBC}") = "BookStore.Notifications", "BookStore.Notifications\BookStore.Notifications.csproj", "{4F6B898A-424C-46F1-8FDA-41BEA3D72474}"
EndProject
Global
	GlobalSection(SolutionConfigurationPlatforms) = preSolution
		Debug|Any CPU = Debug|Any CPU
		Release|Any CPU = Release|Any CPU
	EndGlobalSection
	GlobalSection(ProjectConfigurationPlatforms) = postSolution
		{2D1B083F-D570-4725-87C8-F8A278D6AF24}.Debug|Any CPU.ActiveCfg = Debug|Any CPU
		{2D1B083F-D570-4725-87C8-F8A278D6AF24}.Debug|Any CPU.Build.0 = Debug|Any CPU
		{2D1B083F-D570-4725-87C8-F8A278D6AF24}.Release|Any CPU.ActiveCfg = Release|Any CPU
		{2D1B083F-D570-4725-87C8-F8A278D6AF24}.Release|Any CPU.Build.0 = Release|Any CPU
		{9FBC341B-CCD8-432F-8118-AA71D7C4E7A3}.Debug|Any CPU.ActiveCfg = Debug|Any CPU
		{9FBC341B-CCD8-432F-8118-AA71D7C4E7A3}.Debug|Any CPU.Build.0 = Debug|Any CPU
		{9FBC341B-CCD8-432F-8118-AA71D7C4E7A3}.Release|Any CPU.ActiveCfg = Release|Any CPU
		{9FBC341B-CCD8-432F-8118-AA71D7C4E7A3}.Release|Any CPU.Build.0 = Release|Any CPU
		{4F6B898A-424C-46F1-8FDA-41BEA3D72474}.Debug|Any CPU.ActiveCfg = Debug|Any CPU
		{4F6B898A-424C-46F1-8FDA-41BEA3D72474}.Debug|Any CPU.Build.0 = Debug|Any CPU
		{4F6B898A-424C-46F1-8FDA-41BEA3D72474}.Release|Any CPU.ActiveCfg = Release|Any CPU
		{4F6B898A-424C-46F1-8FDA-41BEA3D72474}.Release|Any CPU.Build.0 = Release|Any CPU
	EndGlobalSection
	GlobalSection(SolutionProperties) = preSolution
		HideSolutionNode = FALSE
	EndGlobalSection
	GlobalSection(ExtensibilityGlobals) = postSolution
		SolutionGuid = {4ABA5810-DCAE-4A9E-96E2-BE72DDCA2640}
	EndGlobalSection
EndGlobal
